// !$*UTF8*$!
{
	archiveVersion = 1;
	classes = {
	};
	objectVersion = 55;
	objects = {

/* Begin PBXBuildFile section */
		C922B54D27A1E00E0013CFE9 /* RestartApp.swift in Sources */ = {isa = PBXBuildFile; fileRef = C922B54C27A1E00E0013CFE9 /* RestartApp.swift */; };
		C922B54F27A1E00E0013CFE9 /* ContentView.swift in Sources */ = {isa = PBXBuildFile; fileRef = C922B54E27A1E00E0013CFE9 /* ContentView.swift */; };
		C922B55127A1E00F0013CFE9 /* Assets.xcassets in Resources */ = {isa = PBXBuildFile; fileRef = C922B55027A1E00F0013CFE9 /* Assets.xcassets */; };
		C922B55427A1E00F0013CFE9 /* Preview Assets.xcassets in Resources */ = {isa = PBXBuildFile; fileRef = C922B55327A1E00F0013CFE9 /* Preview Assets.xcassets */; };
		C922B55C27A1E14C0013CFE9 /* chimeup.mp3 in Resources */ = {isa = PBXBuildFile; fileRef = C922B55B27A1E14C0013CFE9 /* chimeup.mp3 */; };
		C922B56327A6DC070013CFE9 /* OnboardingView.swift in Sources */ = {isa = PBXBuildFile; fileRef = C922B56227A6DC070013CFE9 /* OnboardingView.swift */; };
		C922B56527A6DC180013CFE9 /* HomeView.swift in Sources */ = {isa = PBXBuildFile; fileRef = C922B56427A6DC180013CFE9 /* HomeView.swift */; };
		C922B56727A6F6A80013CFE9 /* CircleGroupView.swift in Sources */ = {isa = PBXBuildFile; fileRef = C922B56627A6F6A80013CFE9 /* CircleGroupView.swift */; };
		C922B58727A966AF0013CFE9 /* AudioPlayer.swift in Sources */ = {isa = PBXBuildFile; fileRef = C922B58627A966AF0013CFE9 /* AudioPlayer.swift */; };
/* End PBXBuildFile section */

/* Begin PBXFileReference section */
		C922B54927A1E00E0013CFE9 /* Restart.app */ = {isa = PBXFileReference; explicitFileType = wrapper.application; includeInIndex = 0; path = Restart.app; sourceTree = BUILT_PRODUCTS_DIR; };
		C922B54C27A1E00E0013CFE9 /* RestartApp.swift */ = {isa = PBXFileReference; lastKnownFileType = sourcecode.swift; path = RestartApp.swift; sourceTree = "<group>"; };
		C922B54E27A1E00E0013CFE9 /* ContentView.swift */ = {isa = PBXFileReference; lastKnownFileType = sourcecode.swift; path = ContentView.swift; sourceTree = "<group>"; };
		C922B55027A1E00F0013CFE9 /* Assets.xcassets */ = {isa = PBXFileReference; lastKnownFileType = folder.assetcatalog; path = Assets.xcassets; sourceTree = "<group>"; };
		C922B55327A1E00F0013CFE9 /* Preview Assets.xcassets */ = {isa = PBXFileReference; lastKnownFileType = folder.assetcatalog; path = "Preview Assets.xcassets"; sourceTree = "<group>"; };
		C922B55B27A1E14C0013CFE9 /* chimeup.mp3 */ = {isa = PBXFileReference; lastKnownFileType = audio.mp3; name = chimeup.mp3; path = ../../../../Resources/Sounds/chimeup.mp3; sourceTree = "<group>"; };
		C922B55D27A1E1670013CFE9 /* success.m4a */ = {isa = PBXFileReference; lastKnownFileType = file; name = success.m4a; path = ../../../../Resources/Sounds/success.m4a; sourceTree = "<group>"; };
		C922B56127A6DB880013CFE9 /* Info.plist */ = {isa = PBXFileReference; lastKnownFileType = text.plist; path = Info.plist; sourceTree = "<group>"; };
		C922B56227A6DC070013CFE9 /* OnboardingView.swift */ = {isa = PBXFileReference; lastKnownFileType = sourcecode.swift; path = OnboardingView.swift; sourceTree = "<group>"; };
		C922B56427A6DC180013CFE9 /* HomeView.swift */ = {isa = PBXFileReference; lastKnownFileType = sourcecode.swift; path = HomeView.swift; sourceTree = "<group>"; };
		C922B56627A6F6A80013CFE9 /* CircleGroupView.swift */ = {isa = PBXFileReference; lastKnownFileType = sourcecode.swift; path = CircleGroupView.swift; sourceTree = "<group>"; };
		C922B58627A966AF0013CFE9 /* AudioPlayer.swift */ = {isa = PBXFileReference; lastKnownFileType = sourcecode.swift; path = AudioPlayer.swift; sourceTree = "<group>"; };
/* End PBXFileReference section */

/* Begin PBXFrameworksBuildPhase section */
		C922B54627A1E00E0013CFE9 /* Frameworks */ = {
			isa = PBXFrameworksBuildPhase;
			buildActionMask = 2147483647;
			files = (
			);
			runOnlyForDeploymentPostprocessing = 0;
		};
/* End PBXFrameworksBuildPhase section */

/* Begin PBXGroup section */
		C922B54027A1E00E0013CFE9 = {
			isa = PBXGroup;
			children = (
				C922B54B27A1E00E0013CFE9 /* Restart */,
				C922B54A27A1E00E0013CFE9 /* Products */,
			);
			sourceTree = "<group>";
		};
		C922B54A27A1E00E0013CFE9 /* Products */ = {
			isa = PBXGroup;
			children = (
				C922B54927A1E00E0013CFE9 /* Restart.app */,
			);
			name = Products;
			sourceTree = "<group>";
		};
		C922B54B27A1E00E0013CFE9 /* Restart */ = {
			isa = PBXGroup;
			children = (
				C922B56127A6DB880013CFE9 /* Info.plist */,
				C922B56027A1E3760013CFE9 /* Utilities */,
				C922B55F27A1E3620013CFE9 /* Views */,
				C922B55E27A1E34F0013CFE9 /* Screens */,
				C922B55A27A1E1340013CFE9 /* Sounds */,
				C922B54C27A1E00E0013CFE9 /* RestartApp.swift */,
				C922B55027A1E00F0013CFE9 /* Assets.xcassets */,
				C922B55227A1E00F0013CFE9 /* Preview Content */,
			);
			path = Restart;
			sourceTree = "<group>";
		};
		C922B55227A1E00F0013CFE9 /* Preview Content */ = {
			isa = PBXGroup;
			children = (
				C922B55327A1E00F0013CFE9 /* Preview Assets.xcassets */,
			);
			path = "Preview Content";
			sourceTree = "<group>";
		};
		C922B55A27A1E1340013CFE9 /* Sounds */ = {
			isa = PBXGroup;
			children = (
				C922B55D27A1E1670013CFE9 /* success.m4a */,
				C922B55B27A1E14C0013CFE9 /* chimeup.mp3 */,
			);
			path = Sounds;
			sourceTree = "<group>";
		};
		C922B55E27A1E34F0013CFE9 /* Screens */ = {
			isa = PBXGroup;
			children = (
				C922B56227A6DC070013CFE9 /* OnboardingView.swift */,
				C922B56427A6DC180013CFE9 /* HomeView.swift */,
				C922B54E27A1E00E0013CFE9 /* ContentView.swift */,
			);
			path = Screens;
			sourceTree = "<group>";
		};
		C922B55F27A1E3620013CFE9 /* Views */ = {
			isa = PBXGroup;
			children = (
				C922B56627A6F6A80013CFE9 /* CircleGroupView.swift */,
			);
			path = Views;
			sourceTree = "<group>";
		};
		C922B56027A1E3760013CFE9 /* Utilities */ = {
			isa = PBXGroup;
			children = (
				C922B58627A966AF0013CFE9 /* AudioPlayer.swift */,
			);
			path = Utilities;
			sourceTree = "<group>";
		};
/* End PBXGroup section */

/* Begin PBXNativeTarget section */
		C922B54827A1E00E0013CFE9 /* Restart */ = {
			isa = PBXNativeTarget;
			buildConfigurationList = C922B55727A1E00F0013CFE9 /* Build configuration list for PBXNativeTarget "Restart" */;
			buildPhases = (
				C922B54527A1E00E0013CFE9 /* Sources */,
				C922B54627A1E00E0013CFE9 /* Frameworks */,
				C922B54727A1E00E0013CFE9 /* Resources */,
			);
			buildRules = (
			);
			dependencies = (
			);
			name = Restart;
			productName = Restart;
			productReference = C922B54927A1E00E0013CFE9 /* Restart.app */;
			productType = "com.apple.product-type.application";
		};
/* End PBXNativeTarget section */

/* Begin PBXProject section */
		C922B54127A1E00E0013CFE9 /* Project object */ = {
			isa = PBXProject;
			attributes = {
				BuildIndependentTargetsInParallel = 1;
				LastSwiftUpdateCheck = 1320;
				LastUpgradeCheck = 1320;
				TargetAttributes = {
					C922B54827A1E00E0013CFE9 = {
						CreatedOnToolsVersion = 13.2.1;
					};
				};
			};
			buildConfigurationList = C922B54427A1E00E0013CFE9 /* Build configuration list for PBXProject "Restart" */;
			compatibilityVersion = "Xcode 13.0";
			developmentRegion = en;
			hasScannedForEncodings = 0;
			knownRegions = (
				en,
				Base,
			);
			mainGroup = C922B54027A1E00E0013CFE9;
			productRefGroup = C922B54A27A1E00E0013CFE9 /* Products */;
			projectDirPath = "";
			projectRoot = "";
			targets = (
				C922B54827A1E00E0013CFE9 /* Restart */,
			);
		};
/* End PBXProject section */

/* Begin PBXResourcesBuildPhase section */
		C922B54727A1E00E0013CFE9 /* Resources */ = {
			isa = PBXResourcesBuildPhase;
			buildActionMask = 2147483647;
			files = (
				C922B55C27A1E14C0013CFE9 /* chimeup.mp3 in Resources */,
				C922B55427A1E00F0013CFE9 /* Preview Assets.xcassets in Resources */,
				C922B55127A1E00F0013CFE9 /* Assets.xcassets in Resources */,
			);
			runOnlyForDeploymentPostprocessing = 0;
		};
/* End PBXResourcesBuildPhase section */

/* Begin PBXSourcesBuildPhase section */
		C922B54527A1E00E0013CFE9 /* Sources */ = {
			isa = PBXSourcesBuildPhase;
			buildActionMask = 2147483647;
			files = (
				C922B56727A6F6A80013CFE9 /* CircleGroupView.swift in Sources */,
				C922B56327A6DC070013CFE9 /* OnboardingView.swift in Sources */,
				C922B56527A6DC180013CFE9 /* HomeView.swift in Sources */,
				C922B54F27A1E00E0013CFE9 /* ContentView.swift in Sources */,
				C922B54D27A1E00E0013CFE9 /* RestartApp.swift in Sources */,
				C922B58727A966AF0013CFE9 /* AudioPlayer.swift in Sources */,
			);
			runOnlyForDeploymentPostprocessing = 0;
		};
/* End PBXSourcesBuildPhase section */

/* Begin XCBuildConfiguration section */
		C922B55527A1E00F0013CFE9 /* Debug */ = {
			isa = XCBuildConfiguration;
			buildSettings = {
				ALWAYS_SEARCH_USER_PATHS = NO;
				CLANG_ANALYZER_NONNULL = YES;
				CLANG_ANALYZER_NUMBER_OBJECT_CONVERSION = YES_AGGRESSIVE;
				CLANG_CXX_LANGUAGE_STANDARD = "gnu++17";
				CLANG_CXX_LIBRARY = "libc++";
				CLANG_ENABLE_MODULES = YES;
				CLANG_ENABLE_OBJC_ARC = YES;
				CLANG_ENABLE_OBJC_WEAK = YES;
				CLANG_WARN_BLOCK_CAPTURE_AUTORELEASING = YES;
				CLANG_WARN_BOOL_CONVERSION = YES;
				CLANG_WARN_COMMA = YES;
				CLANG_WARN_CONSTANT_CONVERSION = YES;
				CLANG_WARN_DEPRECATED_OBJC_IMPLEMENTATIONS = YES;
				CLANG_WARN_DIRECT_OBJC_ISA_USAGE = YES_ERROR;
				CLANG_WARN_DOCUMENTATION_COMMENTS = YES;
				CLANG_WARN_EMPTY_BODY = YES;
				CLANG_WARN_ENUM_CONVERSION = YES;
				CLANG_WARN_INFINITE_RECURSION = YES;
				CLANG_WARN_INT_CONVERSION = YES;
				CLANG_WARN_NON_LITERAL_NULL_CONVERSION = YES;
				CLANG_WARN_OBJC_IMPLICIT_RETAIN_SELF = YES;
				CLANG_WARN_OBJC_LITERAL_CONVERSION = YES;
				CLANG_WARN_OBJC_ROOT_CLASS = YES_ERROR;
				CLANG_WARN_QUOTED_INCLUDE_IN_FRAMEWORK_HEADER = YES;
				CLANG_WARN_RANGE_LOOP_ANALYSIS = YES;
				CLANG_WARN_STRICT_PROTOTYPES = YES;
				CLANG_WARN_SUSPICIOUS_MOVE = YES;
				CLANG_WARN_UNGUARDED_AVAILABILITY = YES_AGGRESSIVE;
				CLANG_WARN_UNREACHABLE_CODE = YES;
				CLANG_WARN__DUPLICATE_METHOD_MATCH = YES;
				COPY_PHASE_STRIP = NO;
				DEBUG_INFORMATION_FORMAT = dwarf;
				ENABLE_STRICT_OBJC_MSGSEND = YES;
				ENABLE_TESTABILITY = YES;
				GCC_C_LANGUAGE_STANDARD = gnu11;
				GCC_DYNAMIC_NO_PIC = NO;
				GCC_NO_COMMON_BLOCKS = YES;
				GCC_OPTIMIZATION_LEVEL = 0;
				GCC_PREPROCESSOR_DEFINITIONS = (
					"DEBUG=1",
					"$(inherited)",
				);
				GCC_WARN_64_TO_32_BIT_CONVERSION = YES;
				GCC_WARN_ABOUT_RETURN_TYPE = YES_ERROR;
				GCC_WARN_UNDECLARED_SELECTOR = YES;
				GCC_WARN_UNINITIALIZED_AUTOS = YES_AGGRESSIVE;
				GCC_WARN_UNUSED_FUNCTION = YES;
				GCC_WARN_UNUSED_VARIABLE = YES;
				IPHONEOS_DEPLOYMENT_TARGET = 15.2;
				MTL_ENABLE_DEBUG_INFO = INCLUDE_SOURCE;
				MTL_FAST_MATH = YES;
				ONLY_ACTIVE_ARCH = YES;
				SDKROOT = iphoneos;
				SWIFT_ACTIVE_COMPILATION_CONDITIONS = DEBUG;
				SWIFT_OPTIMIZATION_LEVEL = "-Onone";
			};
			name = Debug;
		};
		C922B55627A1E00F0013CFE9 /* Release */ = {
			isa = XCBuildConfiguration;
			buildSettings = {
				ALWAYS_SEARCH_USER_PATHS = NO;
				CLANG_ANALYZER_NONNULL = YES;
				CLANG_ANALYZER_NUMBER_OBJECT_CONVERSION = YES_AGGRESSIVE;
				CLANG_CXX_LANGUAGE_STANDARD = "gnu++17";
				CLANG_CXX_LIBRARY = "libc++";
				CLANG_ENABLE_MODULES = YES;
				CLANG_ENABLE_OBJC_ARC = YES;
				CLANG_ENABLE_OBJC_WEAK = YES;
				CLANG_WARN_BLOCK_CAPTURE_AUTORELEASING = YES;
				CLANG_WARN_BOOL_CONVERSION = YES;
				CLANG_WARN_COMMA = YES;
				CLANG_WARN_CONSTANT_CONVERSION = YES;
				CLANG_WARN_DEPRECATED_OBJC_IMPLEMENTATIONS = YES;
				CLANG_WARN_DIRECT_OBJC_ISA_USAGE = YES_ERROR;
				CLANG_WARN_DOCUMENTATION_COMMENTS = YES;
				CLANG_WARN_EMPTY_BODY = YES;
				CLANG_WARN_ENUM_CONVERSION = YES;
				CLANG_WARN_INFINITE_RECURSION = YES;
				CLANG_WARN_INT_CONVERSION = YES;
				CLANG_WARN_NON_LITERAL_NULL_CONVERSION = YES;
				CLANG_WARN_OBJC_IMPLICIT_RETAIN_SELF = YES;
				CLANG_WARN_OBJC_LITERAL_CONVERSION = YES;
				CLANG_WARN_OBJC_ROOT_CLASS = YES_ERROR;
				CLANG_WARN_QUOTED_INCLUDE_IN_FRAMEWORK_HEADER = YES;
				CLANG_WARN_RANGE_LOOP_ANALYSIS = YES;
				CLANG_WARN_STRICT_PROTOTYPES = YES;
				CLANG_WARN_SUSPICIOUS_MOVE = YES;
				CLANG_WARN_UNGUARDED_AVAILABILITY = YES_AGGRESSIVE;
				CLANG_WARN_UNREACHABLE_CODE = YES;
				CLANG_WARN__DUPLICATE_METHOD_MATCH = YES;
				COPY_PHASE_STRIP = NO;
				DEBUG_INFORMATION_FORMAT = "dwarf-with-dsym";
				ENABLE_NS_ASSERTIONS = NO;
				ENABLE_STRICT_OBJC_MSGSEND = YES;
				GCC_C_LANGUAGE_STANDARD = gnu11;
				GCC_NO_COMMON_BLOCKS = YES;
				GCC_WARN_64_TO_32_BIT_CONVERSION = YES;
				GCC_WARN_ABOUT_RETURN_TYPE = YES_ERROR;
				GCC_WARN_UNDECLARED_SELECTOR = YES;
				GCC_WARN_UNINITIALIZED_AUTOS = YES_AGGRESSIVE;
				GCC_WARN_UNUSED_FUNCTION = YES;
				GCC_WARN_UNUSED_VARIABLE = YES;
				IPHONEOS_DEPLOYMENT_TARGET = 15.2;
				MTL_ENABLE_DEBUG_INFO = NO;
				MTL_FAST_MATH = YES;
				SDKROOT = iphoneos;
				SWIFT_COMPILATION_MODE = wholemodule;
				SWIFT_OPTIMIZATION_LEVEL = "-O";
				VALIDATE_PRODUCT = YES;
			};
			name = Release;
		};
		C922B55827A1E00F0013CFE9 /* Debug */ = {
			isa = XCBuildConfiguration;
			buildSettings = {
				ASSETCATALOG_COMPILER_APPICON_NAME = AppIcon;
				ASSETCATALOG_COMPILER_GLOBAL_ACCENT_COLOR_NAME = AccentColor;
				CODE_SIGN_STYLE = Automatic;
				CURRENT_PROJECT_VERSION = 1;
				DEVELOPMENT_ASSET_PATHS = "\"Restart/Preview Content\"";
				ENABLE_PREVIEWS = YES;
				GENERATE_INFOPLIST_FILE = YES;
				INFOPLIST_FILE = Restart/Info.plist;
				INFOPLIST_KEY_UIApplicationSceneManifest_Generation = YES;
				INFOPLIST_KEY_UIApplicationSupportsIndirectInputEvents = YES;
				INFOPLIST_KEY_UISupportedInterfaceOrientations = UIInterfaceOrientationPortrait;
				INFOPLIST_KEY_UISupportedInterfaceOrientations_iPad = "UIInterfaceOrientationPortrait UIInterfaceOrientationPortraitUpsideDown UIInterfaceOrientationLandscapeLeft UIInterfaceOrientationLandscapeRight";
				INFOPLIST_KEY_UISupportedInterfaceOrientations_iPhone = UIInterfaceOrientationPortrait;
				LD_RUNPATH_SEARCH_PATHS = (
					"$(inherited)",
					"@executable_path/Frameworks",
				);
				MARKETING_VERSION = 1.0;
				PRODUCT_BUNDLE_IDENTIFIER = com.Rave.Restart;
				PRODUCT_NAME = "$(TARGET_NAME)";
				SWIFT_EMIT_LOC_STRINGS = YES;
				SWIFT_VERSION = 5.0;
				TARGETED_DEVICE_FAMILY = "1,2";
			};
			name = Debug;
		};
		C922B55927A1E00F0013CFE9 /* Release */ = {
			isa = XCBuildConfiguration;
			buildSettings = {
				ASSETCATALOG_COMPILER_APPICON_NAME = AppIcon;
				ASSETCATALOG_COMPILER_GLOBAL_ACCENT_COLOR_NAME = AccentColor;
				CODE_SIGN_STYLE = Automatic;
				CURRENT_PROJECT_VERSION = 1;
				DEVELOPMENT_ASSET_PATHS = "\"Restart/Preview Content\"";
				ENABLE_PREVIEWS = YES;
				GENERATE_INFOPLIST_FILE = YES;
				INFOPLIST_FILE = Restart/Info.plist;
				INFOPLIST_KEY_UIApplicationSceneManifest_Generation = YES;
				INFOPLIST_KEY_UIApplicationSupportsIndirectInputEvents = YES;
				INFOPLIST_KEY_UISupportedInterfaceOrientations = UIInterfaceOrientationPortrait;
				INFOPLIST_KEY_UISupportedInterfaceOrientations_iPad = "UIInterfaceOrientationPortrait UIInterfaceOrientationPortraitUpsideDown UIInterfaceOrientationLandscapeLeft UIInterfaceOrientationLandscapeRight";
				INFOPLIST_KEY_UISupportedInterfaceOrientations_iPhone = UIInterfaceOrientationPortrait;
				LD_RUNPATH_SEARCH_PATHS = (
					"$(inherited)",
					"@executable_path/Frameworks",
				);
				MARKETING_VERSION = 1.0;
				PRODUCT_BUNDLE_IDENTIFIER = com.Rave.Restart;
				PRODUCT_NAME = "$(TARGET_NAME)";
				SWIFT_EMIT_LOC_STRINGS = YES;
				SWIFT_VERSION = 5.0;
				TARGETED_DEVICE_FAMILY = "1,2";
			};
			name = Release;
		};
/* End XCBuildConfiguration section */

/* Begin XCConfigurationList section */
		C922B54427A1E00E0013CFE9 /* Build configuration list for PBXProject "Restart" */ = {
			isa = XCConfigurationList;
			buildConfigurations = (
				C922B55527A1E00F0013CFE9 /* Debug */,
				C922B55627A1E00F0013CFE9 /* Release */,
			);
			defaultConfigurationIsVisible = 0;
			defaultConfigurationName = Release;
		};
		C922B55727A1E00F0013CFE9 /* Build configuration list for PBXNativeTarget "Restart" */ = {
			isa = XCConfigurationList;
			buildConfigurations = (
				C922B55827A1E00F0013CFE9 /* Debug */,
				C922B55927A1E00F0013CFE9 /* Release */,
			);
			defaultConfigurationIsVisible = 0;
			defaultConfigurationName = Release;
		};
/* End XCConfigurationList section */
	};
	rootObject = C922B54127A1E00E0013CFE9 /* Project object */;
}
